
Microsoft Visual Studio Solution File, Format Version 12.00
# Visual Studio 15
VisualStudioVersion = 15.0.27130.2010
MinimumVisualStudioVersion = 10.0.40219.1
Project("{FAE04EC0-301F-11D3-BF4B-00C04F79EFBC}") = "CMG.License.Analytics", "CMG License Analytics\CMG.License.Analytics.csproj", "{A31403F4-2934-446E-ACAE-FF8A0F899086}"
EndProject
Project("{FAE04EC0-301F-11D3-BF4B-00C04F79EFBC}") = "CMG.License.Shared", "CMG.License.Shared\CMG.License.Shared.csproj", "{9570C300-5FCD-4E43-9A9C-EEF6E12BA8B4}"
EndProject
Project("{FAE04EC0-301F-11D3-BF4B-00C04F79EFBC}") = "CMG.License.Services", "CMG.License.Services\CMG.License.Services.csproj", "{4D2C7F87-0C5A-48CC-8E10-F49A0F0A76B5}"
EndProject
Project("{FAE04EC0-301F-11D3-BF4B-00C04F79EFBC}") = "CMG.License.UI", "CMG.License.UI\CMG.License.UI.csproj", "{9821CF65-DDC8-4B81-B68E-E64ADEF73B71}"
EndProject
Global
	GlobalSection(SolutionConfigurationPlatforms) = preSolution
		Debug|Any CPU = Debug|Any CPU
		Release|Any CPU = Release|Any CPU
	EndGlobalSection
	GlobalSection(ProjectConfigurationPlatforms) = postSolution
		{A31403F4-2934-446E-ACAE-FF8A0F899086}.Debug|Any CPU.ActiveCfg = Debug|Any CPU
		{A31403F4-2934-446E-ACAE-FF8A0F899086}.Debug|Any CPU.Build.0 = Debug|Any CPU
		{A31403F4-2934-446E-ACAE-FF8A0F899086}.Release|Any CPU.ActiveCfg = Release|Any CPU
		{A31403F4-2934-446E-ACAE-FF8A0F899086}.Release|Any CPU.Build.0 = Release|Any CPU
		{9570C300-5FCD-4E43-9A9C-EEF6E12BA8B4}.Debug|Any CPU.ActiveCfg = Debug|Any CPU
		{9570C300-5FCD-4E43-9A9C-EEF6E12BA8B4}.Debug|Any CPU.Build.0 = Debug|Any CPU
		{9570C300-5FCD-4E43-9A9C-EEF6E12BA8B4}.Release|Any CPU.ActiveCfg = Release|Any CPU
		{9570C300-5FCD-4E43-9A9C-EEF6E12BA8B4}.Release|Any CPU.Build.0 = Release|Any CPU
		{4D2C7F87-0C5A-48CC-8E10-F49A0F0A76B5}.Debug|Any CPU.ActiveCfg = Debug|Any CPU
		{4D2C7F87-0C5A-48CC-8E10-F49A0F0A76B5}.Debug|Any CPU.Build.0 = Debug|Any CPU
		{4D2C7F87-0C5A-48CC-8E10-F49A0F0A76B5}.Release|Any CPU.ActiveCfg = Release|Any CPU
		{4D2C7F87-0C5A-48CC-8E10-F49A0F0A76B5}.Release|Any CPU.Build.0 = Release|Any CPU
		{9821CF65-DDC8-4B81-B68E-E64ADEF73B71}.Debug|Any CPU.ActiveCfg = Debug|Any CPU
		{9821CF65-DDC8-4B81-B68E-E64ADEF73B71}.Debug|Any CPU.Build.0 = Debug|Any CPU
		{9821CF65-DDC8-4B81-B68E-E64ADEF73B71}.Release|Any CPU.ActiveCfg = Release|Any CPU
		{9821CF65-DDC8-4B81-B68E-E64ADEF73B71}.Release|Any CPU.Build.0 = Release|Any CPU
	EndGlobalSection
	GlobalSection(SolutionProperties) = preSolution
		HideSolutionNode = FALSE
	EndGlobalSection
	GlobalSection(ExtensibilityGlobals) = postSolution
		SolutionGuid = {00114FE8-C455-4E17-BBFE-160396CEEFB8}
	EndGlobalSection
EndGlobal
